// !$*UTF8*$!
{
	archiveVersion = 1;
	classes = {
	};
	objectVersion = 46;
	objects = {

/* Begin PBXBuildFile section */
		7A41DA3E155B0C7200DBEEC1 /* UIKit.framework in Frameworks */ = {isa = PBXBuildFile; fileRef = 7A41DA3D155B0C7200DBEEC1 /* UIKit.framework */; };
		7A41DA40155B0C7200DBEEC1 /* Foundation.framework in Frameworks */ = {isa = PBXBuildFile; fileRef = 7A41DA3F155B0C7200DBEEC1 /* Foundation.framework */; };
		7A41DA42155B0C7200DBEEC1 /* CoreGraphics.framework in Frameworks */ = {isa = PBXBuildFile; fileRef = 7A41DA41155B0C7200DBEEC1 /* CoreGraphics.framework */; };
		7A41DA48155B0C7200DBEEC1 /* InfoPlist.strings in Resources */ = {isa = PBXBuildFile; fileRef = 7A41DA46155B0C7200DBEEC1 /* InfoPlist.strings */; };
		7A41DA4A155B0C7200DBEEC1 /* main.m in Sources */ = {isa = PBXBuildFile; fileRef = 7A41DA49155B0C7200DBEEC1 /* main.m */; };
		7A41DA4E155B0C7200DBEEC1 /* CalculatorAppDelegate.m in Sources */ = {isa = PBXBuildFile; fileRef = 7A41DA4D155B0C7200DBEEC1 /* CalculatorAppDelegate.m */; };
		7A41DA51155B0C7300DBEEC1 /* MainStoryboard.storyboard in Resources */ = {isa = PBXBuildFile; fileRef = 7A41DA4F155B0C7300DBEEC1 /* MainStoryboard.storyboard */; };
		7A41DA54155B0C7300DBEEC1 /* CalculatorViewController.m in Sources */ = {isa = PBXBuildFile; fileRef = 7A41DA53155B0C7300DBEEC1 /* CalculatorViewController.m */; };
/* End PBXBuildFile section */

/* Begin PBXFileReference section */
		7A41DA39155B0C7200DBEEC1 /* Calculator.app */ = {isa = PBXFileReference; explicitFileType = wrapper.application; includeInIndex = 0; path = Calculator.app; sourceTree = BUILT_PRODUCTS_DIR; };
		7A41DA3D155B0C7200DBEEC1 /* UIKit.framework */ = {isa = PBXFileReference; lastKnownFileType = wrapper.framework; name = UIKit.framework; path = System/Library/Frameworks/UIKit.framework; sourceTree = SDKROOT; };
		7A41DA3F155B0C7200DBEEC1 /* Foundation.framework */ = {isa = PBXFileReference; lastKnownFileType = wrapper.framework; name = Foundation.framework; path = System/Library/Frameworks/Foundation.framework; sourceTree = SDKROOT; };
		7A41DA41155B0C7200DBEEC1 /* CoreGraphics.framework */ = {isa = PBXFileReference; lastKnownFileType = wrapper.framework; name = CoreGraphics.framework; path = System/Library/Frameworks/CoreGraphics.framework; sourceTree = SDKROOT; };
		7A41DA45155B0C7200DBEEC1 /* Calculator-Info.plist */ = {isa = PBXFileReference; path = "Calculator-Info.plist"; sourceTree = "<group>"; };
		7A41DA47155B0C7200DBEEC1 /* en */ = {isa = PBXFileReference; lastKnownFileType = text.plist.strings; name = en; path = en.lproj/InfoPlist.strings; sourceTree = "<group>"; };
		7A41DA49155B0C7200DBEEC1 /* main.m */ = {isa = PBXFileReference; lastKnownFileType = sourcecode.c.objc; path = main.m; sourceTree = "<group>"; };
		7A41DA4B155B0C7200DBEEC1 /* Calculator-Prefix.pch */ = {isa = PBXFileReference; path = "Calculator-Prefix.pch"; sourceTree = "<group>"; };
		7A41DA4C155B0C7200DBEEC1 /* CalculatorAppDelegate.h */ = {isa = PBXFileReference; path = CalculatorAppDelegate.h; sourceTree = "<group>"; };
		7A41DA4D155B0C7200DBEEC1 /* CalculatorAppDelegate.m */ = {isa = PBXFileReference; lastKnownFileType = sourcecode.c.objc; path = CalculatorAppDelegate.m; sourceTree = "<group>"; };
		7A41DA50155B0C7300DBEEC1 /* en */ = {isa = PBXFileReference; lastKnownFileType = file.storyboard; name = en; path = en.lproj/MainStoryboard.storyboard; sourceTree = "<group>"; };
		7A41DA52155B0C7300DBEEC1 /* CalculatorViewController.h */ = {isa = PBXFileReference; path = CalculatorViewController.h; sourceTree = "<group>"; };
		7A41DA53155B0C7300DBEEC1 /* CalculatorViewController.m */ = {isa = PBXFileReference; lastKnownFileType = sourcecode.c.objc; path = CalculatorViewController.m; sourceTree = "<group>"; };
/* End PBXFileReference section */

/* Begin PBXFrameworksBuildPhase section */
		7A41DA36155B0C7100DBEEC1 /* Frameworks */ = {
			isa = PBXFrameworksBuildPhase;
			buildActionMask = 2147483647;
			files = (
				7A41DA3E155B0C7200DBEEC1 /* UIKit.framework in Frameworks */,
				7A41DA40155B0C7200DBEEC1 /* Foundation.framework in Frameworks */,
				7A41DA42155B0C7200DBEEC1 /* CoreGraphics.framework in Frameworks */,
			);
			runOnlyForDeploymentPostprocessing = 0;
		};
/* End PBXFrameworksBuildPhase section */

/* Begin PBXGroup section */
		7A41DA2E155B0C7000DBEEC1 = {
			isa = PBXGroup;
			children = (
				7A41DA43155B0C7200DBEEC1 /* Calculator */,
				7A41DA3C155B0C7200DBEEC1 /* Frameworks */,
				7A41DA3A155B0C7200DBEEC1 /* Products */,
			);
			sourceTree = "<group>";
		};
		7A41DA3A155B0C7200DBEEC1 /* Products */ = {
			isa = PBXGroup;
			children = (
				7A41DA39155B0C7200DBEEC1 /* Calculator.app */,
			);
			name = Products;
			sourceTree = "<group>";
		};
		7A41DA3C155B0C7200DBEEC1 /* Frameworks */ = {
			isa = PBXGroup;
			children = (
				7A41DA3D155B0C7200DBEEC1 /* UIKit.framework */,
				7A41DA3F155B0C7200DBEEC1 /* Foundation.framework */,
				7A41DA41155B0C7200DBEEC1 /* CoreGraphics.framework */,
			);
			name = Frameworks;
			sourceTree = "<group>";
		};
		7A41DA43155B0C7200DBEEC1 /* Calculator */ = {
			isa = PBXGroup;
			children = (
				7A41DA4C155B0C7200DBEEC1 /* CalculatorAppDelegate.h */,
				7A41DA4D155B0C7200DBEEC1 /* CalculatorAppDelegate.m */,
				7A41DA4F155B0C7300DBEEC1 /* MainStoryboard.storyboard */,
				7A41DA52155B0C7300DBEEC1 /* CalculatorViewController.h */,
				7A41DA53155B0C7300DBEEC1 /* CalculatorViewController.m */,
				7A41DA44155B0C7200DBEEC1 /* Supporting Files */,
			);
			path = Calculator;
			sourceTree = "<group>";
		};
		7A41DA44155B0C7200DBEEC1 /* Supporting Files */ = {
			isa = PBXGroup;
			children = (
				7A41DA45155B0C7200DBEEC1 /* Calculator-Info.plist */,
				7A41DA46155B0C7200DBEEC1 /* InfoPlist.strings */,
				7A41DA49155B0C7200DBEEC1 /* main.m */,
				7A41DA4B155B0C7200DBEEC1 /* Calculator-Prefix.pch */,
			);
			name = "Supporting Files";
			sourceTree = "<group>";
		};
/* End PBXGroup section */

/* Begin PBXNativeTarget section */
		7A41DA38155B0C7100DBEEC1 /* Calculator */ = {
			isa = PBXNativeTarget;
			buildConfigurationList = 7A41DA57155B0C7300DBEEC1 /* Build configuration list for PBXNativeTarget "Calculator" */;
			buildPhases = (
				7A41DA35155B0C7100DBEEC1 /* Sources */,
				7A41DA36155B0C7100DBEEC1 /* Frameworks */,
				7A41DA37155B0C7100DBEEC1 /* Resources */,
			);
			buildRules = (
			);
			dependencies = (
			);
			name = Calculator;
			productName = Calculator;
			productReference = 7A41DA39155B0C7200DBEEC1 /* Calculator.app */;
			productType = "com.apple.product-type.application";
		};
/* End PBXNativeTarget section */

/* Begin PBXProject section */
		7A41DA30155B0C7000DBEEC1 /* Project object */ = {
			isa = PBXProject;
			attributes = {
				LastUpgradeCheck = 0420;
			};
			buildConfigurationList = 7A41DA33155B0C7000DBEEC1 /* Build configuration list for PBXProject "Calculator" */;
			compatibilityVersion = "Xcode 3.2";
			developmentRegion = English;
			hasScannedForEncodings = 0;
			knownRegions = (
				en,
			);
			mainGroup = 7A41DA2E155B0C7000DBEEC1;
			productRefGroup = 7A41DA3A155B0C7200DBEEC1 /* Products */;
			projectDirPath = "";
			projectRoot = "";
			targets = (
				7A41DA38155B0C7100DBEEC1 /* Calculator */,
			);
		};
/* End PBXProject section */

/* Begin PBXResourcesBuildPhase section */
		7A41DA37155B0C7100DBEEC1 /* Resources */ = {
			isa = PBXResourcesBuildPhase;
			buildActionMask = 2147483647;
			files = (
				7A41DA48155B0C7200DBEEC1 /* InfoPlist.strings in Resources */,
				7A41DA51155B0C7300DBEEC1 /* MainStoryboard.storyboard in Resources */,
			);
			runOnlyForDeploymentPostprocessing = 0;
		};
/* End PBXResourcesBuildPhase section */

/* Begin PBXSourcesBuildPhase section */
		7A41DA35155B0C7100DBEEC1 /* Sources */ = {
			isa = PBXSourcesBuildPhase;
			buildActionMask = 2147483647;
			files = (
				7A41DA4A155B0C7200DBEEC1 /* main.m in Sources */,
				7A41DA4E155B0C7200DBEEC1 /* CalculatorAppDelegate.m in Sources */,
				7A41DA54155B0C7300DBEEC1 /* CalculatorViewController.m in Sources */,
			);
			runOnlyForDeploymentPostprocessing = 0;
		};
/* End PBXSourcesBuildPhase section */

/* Begin PBXVariantGroup section */
		7A41DA46155B0C7200DBEEC1 /* InfoPlist.strings */ = {
			isa = PBXVariantGroup;
			children = (
				7A41DA47155B0C7200DBEEC1 /* en */,
			);
			name = InfoPlist.strings;
			sourceTree = "<group>";
		};
		7A41DA4F155B0C7300DBEEC1 /* MainStoryboard.storyboard */ = {
			isa = PBXVariantGroup;
			children = (
				7A41DA50155B0C7300DBEEC1 /* en */,
			);
			name = MainStoryboard.storyboard;
			sourceTree = "<group>";
		};
/* End PBXVariantGroup section */

/* Begin XCBuildConfiguration section */
		7A41DA55155B0C7300DBEEC1 /* Debug */ = {
			isa = XCBuildConfiguration;
			buildSettings = {
				ALWAYS_SEARCH_USER_PATHS = NO;
				ARCHS = "$(ARCHS_STANDARD_32_BIT)";
				CLANG_ENABLE_OBJC_ARC = YES;
				"CODE_SIGN_IDENTITY[sdk=iphoneos*]" = "iPhone Developer";
				COPY_PHASE_STRIP = NO;
				GCC_C_LANGUAGE_STANDARD = gnu99;
				GCC_DYNAMIC_NO_PIC = NO;
				GCC_OPTIMIZATION_LEVEL = 0;
				GCC_PREPROCESSOR_DEFINITIONS = (
					"DEBUG=1",
					"$(inherited)",
				);
				GCC_SYMBOLS_PRIVATE_EXTERN = NO;
				GCC_VERSION = com.apple.compilers.llvm.clang.1_0;
				GCC_WARN_ABOUT_MISSING_PROTOTYPES = YES;
				GCC_WARN_ABOUT_RETURN_TYPE = YES;
				GCC_WARN_UNUSED_VARIABLE = YES;
				IPHONEOS_DEPLOYMENT_TARGET = 5.0;
				SDKROOT = iphoneos;
			};
			name = Debug;
		};
		7A41DA56155B0C7300DBEEC1 /* Release */ = {
			isa = XCBuildConfiguration;
			buildSettings = {
				ALWAYS_SEARCH_USER_PATHS = NO;
				ARCHS = "$(ARCHS_STANDARD_32_BIT)";
				CLANG_ENABLE_OBJC_ARC = YES;
				"CODE_SIGN_IDENTITY[sdk=iphoneos*]" = "iPhone Developer";
				COPY_PHASE_STRIP = YES;
				GCC_C_LANGUAGE_STANDARD = gnu99;
				GCC_VERSION = com.apple.compilers.llvm.clang.1_0;
				GCC_WARN_ABOUT_MISSING_PROTOTYPES = YES;
				GCC_WARN_ABOUT_RETURN_TYPE = YES;
				GCC_WARN_UNUSED_VARIABLE = YES;
				IPHONEOS_DEPLOYMENT_TARGET = 5.0;
				OTHER_CFLAGS = "-DNS_BLOCK_ASSERTIONS=1";
				SDKROOT = iphoneos;
				VALIDATE_PRODUCT = YES;
			};
			name = Release;
		};
		7A41DA58155B0C7300DBEEC1 /* Debug */ = {
			isa = XCBuildConfiguration;
			buildSettings = {
				GCC_PRECOMPILE_PREFIX_HEADER = YES;
				GCC_PREFIX_HEADER = "Calculator/Calculator-Prefix.pch";
				INFOPLIST_FILE = "Calculator/Calculator-Info.plist";
				PRODUCT_NAME = "$(TARGET_NAME)";
				WRAPPER_EXTENSION = app;
			};
			name = Debug;
		};
		7A41DA59155B0C7300DBEEC1 /* Release */ = {
			isa = XCBuildConfiguration;
			buildSettings = {
				GCC_PRECOMPILE_PREFIX_HEADER = YES;
				GCC_PREFIX_HEADER = "Calculator/Calculator-Prefix.pch";
				INFOPLIST_FILE = "Calculator/Calculator-Info.plist";
				PRODUCT_NAME = "$(TARGET_NAME)";
				WRAPPER_EXTENSION = app;
			};
			name = Release;
		};
/* End XCBuildConfiguration section */

/* Begin XCConfigurationList section */
		7A41DA33155B0C7000DBEEC1 /* Build configuration list for PBXProject "Calculator" */ = {
			isa = XCConfigurationList;
			buildConfigurations = (
				7A41DA55155B0C7300DBEEC1 /* Debug */,
				7A41DA56155B0C7300DBEEC1 /* Release */,
			);
			defaultConfigurationIsVisible = 0;
			defaultConfigurationName = Release;
		};
		7A41DA57155B0C7300DBEEC1 /* Build configuration list for PBXNativeTarget "Calculator" */ = {
			isa = XCConfigurationList;
			buildConfigurations = (
				7A41DA58155B0C7300DBEEC1 /* Debug */,
				7A41DA59155B0C7300DBEEC1 /* Release */,
			);
			defaultConfigurationIsVisible = 0;
		};
/* End XCConfigurationList section */
	};
	rootObject = 7A41DA30155B0C7000DBEEC1 /* Project object */;
}
